
Microsoft Visual Studio Solution File, Format Version 12.00
# Visual Studio Version 17
VisualStudioVersion = 17.13.35828.75
MinimumVisualStudioVersion = 10.0.40219.1
Project("{FAE04EC0-301F-11D3-BF4B-00C04F79EFBC}") = "AtomicHabits", "AtomicHabits\AtomicHabits.csproj", "{EAD45697-AA4B-49F0-BB6E-386B213F7454}"
EndProject
Project("{FAE04EC0-301F-11D3-BF4B-00C04F79EFBC}") = "AtomicHabits.Tests", "AtomicHabits.Tests\AtomicHabits.Tests.csproj", "{483E06B0-CBF4-4F25-8182-91EC48B6095C}"
EndProject
Global
	GlobalSection(SolutionConfigurationPlatforms) = preSolution
		Debug|Any CPU = Debug|Any CPU
		Debug|x64 = Debug|x64
		Debug|x86 = Debug|x86
		Release|Any CPU = Release|Any CPU
		Release|x64 = Release|x64
		Release|x86 = Release|x86
	EndGlobalSection
	GlobalSection(ProjectConfigurationPlatforms) = postSolution
		{EAD45697-AA4B-49F0-BB6E-386B213F7454}.Debug|Any CPU.ActiveCfg = Debug|Any CPU
		{EAD45697-AA4B-49F0-BB6E-386B213F7454}.Debug|Any CPU.Build.0 = Debug|Any CPU
		{EAD45697-AA4B-49F0-BB6E-386B213F7454}.Debug|x64.ActiveCfg = Debug|Any CPU
		{EAD45697-AA4B-49F0-BB6E-386B213F7454}.Debug|x64.Build.0 = Debug|Any CPU
		{EAD45697-AA4B-49F0-BB6E-386B213F7454}.Debug|x86.ActiveCfg = Debug|Any CPU
		{EAD45697-AA4B-49F0-BB6E-386B213F7454}.Debug|x86.Build.0 = Debug|Any CPU
		{EAD45697-AA4B-49F0-BB6E-386B213F7454}.Release|Any CPU.ActiveCfg = Release|Any CPU
		{EAD45697-AA4B-49F0-BB6E-386B213F7454}.Release|Any CPU.Build.0 = Release|Any CPU
		{EAD45697-AA4B-49F0-BB6E-386B213F7454}.Release|x64.ActiveCfg = Release|Any CPU
		{EAD45697-AA4B-49F0-BB6E-386B213F7454}.Release|x64.Build.0 = Release|Any CPU
		{EAD45697-AA4B-49F0-BB6E-386B213F7454}.Release|x86.ActiveCfg = Release|Any CPU
		{EAD45697-AA4B-49F0-BB6E-386B213F7454}.Release|x86.Build.0 = Release|Any CPU
		{483E06B0-CBF4-4F25-8182-91EC48B6095C}.Debug|Any CPU.ActiveCfg = Debug|Any CPU
		{483E06B0-CBF4-4F25-8182-91EC48B6095C}.Debug|Any CPU.Build.0 = Debug|Any CPU
		{483E06B0-CBF4-4F25-8182-91EC48B6095C}.Debug|x64.ActiveCfg = Debug|Any CPU
		{483E06B0-CBF4-4F25-8182-91EC48B6095C}.Debug|x64.Build.0 = Debug|Any CPU
		{483E06B0-CBF4-4F25-8182-91EC48B6095C}.Debug|x86.ActiveCfg = Debug|Any CPU
		{483E06B0-CBF4-4F25-8182-91EC48B6095C}.Debug|x86.Build.0 = Debug|Any CPU
		{483E06B0-CBF4-4F25-8182-91EC48B6095C}.Release|Any CPU.ActiveCfg = Release|Any CPU
		{483E06B0-CBF4-4F25-8182-91EC48B6095C}.Release|Any CPU.Build.0 = Release|Any CPU
		{483E06B0-CBF4-4F25-8182-91EC48B6095C}.Release|x64.ActiveCfg = Release|Any CPU
		{483E06B0-CBF4-4F25-8182-91EC48B6095C}.Release|x64.Build.0 = Release|Any CPU
		{483E06B0-CBF4-4F25-8182-91EC48B6095C}.Release|x86.ActiveCfg = Release|Any CPU
		{483E06B0-CBF4-4F25-8182-91EC48B6095C}.Release|x86.Build.0 = Release|Any CPU
	EndGlobalSection
	GlobalSection(SolutionProperties) = preSolution
		HideSolutionNode = FALSE
	EndGlobalSection
	GlobalSection(ExtensibilityGlobals) = postSolution
		SolutionGuid = {CFC32995-DD6E-4702-917F-1B6B89C5D529}
	EndGlobalSection
EndGlobal
